
Microsoft Visual Studio Solution File, Format Version 12.00
# Visual Studio Version 17
VisualStudioVersion = 17.11.35327.3
MinimumVisualStudioVersion = 10.0.40219.1
Project("{9A19103F-16F7-4668-BE54-9A1E7A4F7556}") = "FrangoZe.Domain", "FrangoZe.Domain.csproj", "{67DC0799-3494-440C-9E3B-1C7272CE4D32}"
EndProject
Project("{9A19103F-16F7-4668-BE54-9A1E7A4F7556}") = "FrangoZe.Infrastructure", "..\FrangoZe.Infrastructure\FrangoZe.Infrastructure.csproj", "{F4D9953F-BA3C-41AC-8FB5-DC1598EC83C0}"
EndProject
Project("{9A19103F-16F7-4668-BE54-9A1E7A4F7556}") = "FrangoZe.Web", "..\FrangoZe.Web\FrangoZe.Web.csproj", "{22CCCF98-6E21-4AD4-94D8-D17C469A0B6A}"
EndProject
Global
	GlobalSection(SolutionConfigurationPlatforms) = preSolution
		Debug|Any CPU = Debug|Any CPU
		Release|Any CPU = Release|Any CPU
	EndGlobalSection
	GlobalSection(ProjectConfigurationPlatforms) = postSolution
		{67DC0799-3494-440C-9E3B-1C7272CE4D32}.Debug|Any CPU.ActiveCfg = Debug|Any CPU
		{67DC0799-3494-440C-9E3B-1C7272CE4D32}.Debug|Any CPU.Build.0 = Debug|Any CPU
		{67DC0799-3494-440C-9E3B-1C7272CE4D32}.Release|Any CPU.ActiveCfg = Release|Any CPU
		{67DC0799-3494-440C-9E3B-1C7272CE4D32}.Release|Any CPU.Build.0 = Release|Any CPU
		{F4D9953F-BA3C-41AC-8FB5-DC1598EC83C0}.Debug|Any CPU.ActiveCfg = Debug|Any CPU
		{F4D9953F-BA3C-41AC-8FB5-DC1598EC83C0}.Debug|Any CPU.Build.0 = Debug|Any CPU
		{F4D9953F-BA3C-41AC-8FB5-DC1598EC83C0}.Release|Any CPU.ActiveCfg = Release|Any CPU
		{F4D9953F-BA3C-41AC-8FB5-DC1598EC83C0}.Release|Any CPU.Build.0 = Release|Any CPU
		{22CCCF98-6E21-4AD4-94D8-D17C469A0B6A}.Debug|Any CPU.ActiveCfg = Debug|Any CPU
		{22CCCF98-6E21-4AD4-94D8-D17C469A0B6A}.Debug|Any CPU.Build.0 = Debug|Any CPU
		{22CCCF98-6E21-4AD4-94D8-D17C469A0B6A}.Release|Any CPU.ActiveCfg = Release|Any CPU
		{22CCCF98-6E21-4AD4-94D8-D17C469A0B6A}.Release|Any CPU.Build.0 = Release|Any CPU
	EndGlobalSection
	GlobalSection(SolutionProperties) = preSolution
		HideSolutionNode = FALSE
	EndGlobalSection
	GlobalSection(ExtensibilityGlobals) = postSolution
		SolutionGuid = {C2CA6C1A-CBAC-4A26-A0B4-16DBFA9A553D}
	EndGlobalSection
EndGlobal
